
Microsoft Visual Studio Solution File, Format Version 12.00
# Visual Studio Version 16
VisualStudioVersion = 16.0.30907.101
MinimumVisualStudioVersion = 10.0.40219.1
Project("{FAE04EC0-301F-11D3-BF4B-00C04F79EFBC}") = "Task_1", "Lesson_2\Task_1.csproj", "{58DA5594-6EE0-4BB0-827C-68D1940BFE5B}"
EndProject
Project("{FAE04EC0-301F-11D3-BF4B-00C04F79EFBC}") = "Task_2", "Task_2\Task_2.csproj", "{A19C4BAF-F10A-4ACB-BEEC-39F858F5BF69}"
EndProject
Project("{FAE04EC0-301F-11D3-BF4B-00C04F79EFBC}") = "Task_3", "Task_3\Task_3.csproj", "{D250DDCD-4053-4205-ADD6-E075AA61EC83}"
EndProject
Project("{FAE04EC0-301F-11D3-BF4B-00C04F79EFBC}") = "Task_4", "Task_4\Task_4.csproj", "{715696FC-96B5-4B5C-994E-12AAD1F45812}"
EndProject
Project("{FAE04EC0-301F-11D3-BF4B-00C04F79EFBC}") = "Task_5", "Task_5\Task_5.csproj", "{186BF25A-C261-4941-93A0-C154E3428CE2}"
EndProject
Project("{FAE04EC0-301F-11D3-BF4B-00C04F79EFBC}") = "Task_6", "Task_6\Task_6.csproj", "{CB05BE47-B6B8-4C04-9657-82B786E19618}"
EndProject
Global
	GlobalSection(SolutionConfigurationPlatforms) = preSolution
		Debug|Any CPU = Debug|Any CPU
		Release|Any CPU = Release|Any CPU
	EndGlobalSection
	GlobalSection(ProjectConfigurationPlatforms) = postSolution
		{58DA5594-6EE0-4BB0-827C-68D1940BFE5B}.Debug|Any CPU.ActiveCfg = Debug|Any CPU
		{58DA5594-6EE0-4BB0-827C-68D1940BFE5B}.Debug|Any CPU.Build.0 = Debug|Any CPU
		{58DA5594-6EE0-4BB0-827C-68D1940BFE5B}.Release|Any CPU.ActiveCfg = Release|Any CPU
		{58DA5594-6EE0-4BB0-827C-68D1940BFE5B}.Release|Any CPU.Build.0 = Release|Any CPU
		{A19C4BAF-F10A-4ACB-BEEC-39F858F5BF69}.Debug|Any CPU.ActiveCfg = Debug|Any CPU
		{A19C4BAF-F10A-4ACB-BEEC-39F858F5BF69}.Debug|Any CPU.Build.0 = Debug|Any CPU
		{A19C4BAF-F10A-4ACB-BEEC-39F858F5BF69}.Release|Any CPU.ActiveCfg = Release|Any CPU
		{A19C4BAF-F10A-4ACB-BEEC-39F858F5BF69}.Release|Any CPU.Build.0 = Release|Any CPU
		{D250DDCD-4053-4205-ADD6-E075AA61EC83}.Debug|Any CPU.ActiveCfg = Debug|Any CPU
		{D250DDCD-4053-4205-ADD6-E075AA61EC83}.Debug|Any CPU.Build.0 = Debug|Any CPU
		{D250DDCD-4053-4205-ADD6-E075AA61EC83}.Release|Any CPU.ActiveCfg = Release|Any CPU
		{D250DDCD-4053-4205-ADD6-E075AA61EC83}.Release|Any CPU.Build.0 = Release|Any CPU
		{715696FC-96B5-4B5C-994E-12AAD1F45812}.Debug|Any CPU.ActiveCfg = Debug|Any CPU
		{715696FC-96B5-4B5C-994E-12AAD1F45812}.Debug|Any CPU.Build.0 = Debug|Any CPU
		{715696FC-96B5-4B5C-994E-12AAD1F45812}.Release|Any CPU.ActiveCfg = Release|Any CPU
		{715696FC-96B5-4B5C-994E-12AAD1F45812}.Release|Any CPU.Build.0 = Release|Any CPU
		{186BF25A-C261-4941-93A0-C154E3428CE2}.Debug|Any CPU.ActiveCfg = Debug|Any CPU
		{186BF25A-C261-4941-93A0-C154E3428CE2}.Debug|Any CPU.Build.0 = Debug|Any CPU
		{186BF25A-C261-4941-93A0-C154E3428CE2}.Release|Any CPU.ActiveCfg = Release|Any CPU
		{186BF25A-C261-4941-93A0-C154E3428CE2}.Release|Any CPU.Build.0 = Release|Any CPU
		{CB05BE47-B6B8-4C04-9657-82B786E19618}.Debug|Any CPU.ActiveCfg = Debug|Any CPU
		{CB05BE47-B6B8-4C04-9657-82B786E19618}.Debug|Any CPU.Build.0 = Debug|Any CPU
		{CB05BE47-B6B8-4C04-9657-82B786E19618}.Release|Any CPU.ActiveCfg = Release|Any CPU
		{CB05BE47-B6B8-4C04-9657-82B786E19618}.Release|Any CPU.Build.0 = Release|Any CPU
	EndGlobalSection
	GlobalSection(SolutionProperties) = preSolution
		HideSolutionNode = FALSE
	EndGlobalSection
	GlobalSection(ExtensibilityGlobals) = postSolution
		SolutionGuid = {94A5357A-162B-40CC-BE60-57C3FF59739E}
	EndGlobalSection
EndGlobal
